
Microsoft Visual Studio Solution File, Format Version 12.00
# Visual Studio Version 16
VisualStudioVersion = 16.0.30717.126
MinimumVisualStudioVersion = 10.0.40219.1
Project("{FAE04EC0-301F-11D3-BF4B-00C04F79EFBC}") = "Sistema.Web", "Sistema.Web\Sistema.Web.csproj", "{84386EA5-7DF2-4716-B369-CB5D6B78A558}"
EndProject
Project("{FAE04EC0-301F-11D3-BF4B-00C04F79EFBC}") = "Sistema.Data", "Sistema.Data\Sistema.Data.csproj", "{F2C82B9E-F6CC-4B00-B643-5D71805F7EEE}"
EndProject
Global
	GlobalSection(SolutionConfigurationPlatforms) = preSolution
		Debug|Any CPU = Debug|Any CPU
		Release|Any CPU = Release|Any CPU
	EndGlobalSection
	GlobalSection(ProjectConfigurationPlatforms) = postSolution
		{84386EA5-7DF2-4716-B369-CB5D6B78A558}.Debug|Any CPU.ActiveCfg = Debug|Any CPU
		{84386EA5-7DF2-4716-B369-CB5D6B78A558}.Debug|Any CPU.Build.0 = Debug|Any CPU
		{84386EA5-7DF2-4716-B369-CB5D6B78A558}.Release|Any CPU.ActiveCfg = Release|Any CPU
		{84386EA5-7DF2-4716-B369-CB5D6B78A558}.Release|Any CPU.Build.0 = Release|Any CPU
		{F2C82B9E-F6CC-4B00-B643-5D71805F7EEE}.Debug|Any CPU.ActiveCfg = Debug|Any CPU
		{F2C82B9E-F6CC-4B00-B643-5D71805F7EEE}.Debug|Any CPU.Build.0 = Debug|Any CPU
		{F2C82B9E-F6CC-4B00-B643-5D71805F7EEE}.Release|Any CPU.ActiveCfg = Release|Any CPU
		{F2C82B9E-F6CC-4B00-B643-5D71805F7EEE}.Release|Any CPU.Build.0 = Release|Any CPU
	EndGlobalSection
	GlobalSection(SolutionProperties) = preSolution
		HideSolutionNode = FALSE
	EndGlobalSection
	GlobalSection(ExtensibilityGlobals) = postSolution
		SolutionGuid = {26DEFF29-5509-4F94-9B24-08B7C250B6D0}
	EndGlobalSection
EndGlobal
